
Microsoft Visual Studio Solution File, Format Version 12.00
# Visual Studio Version 16
VisualStudioVersion = 16.0.31729.503
MinimumVisualStudioVersion = 10.0.40219.1
Project("{FAE04EC0-301F-11D3-BF4B-00C04F79EFBC}") = "Builder", "Builder.csproj", "{1A3ABC4A-26C6-4663-86E9-5D33878EEC8A}"
EndProject
Global
	GlobalSection(SolutionConfigurationPlatforms) = preSolution
		Debug|Any CPU = Debug|Any CPU
		Release|Any CPU = Release|Any CPU
	EndGlobalSection
	GlobalSection(ProjectConfigurationPlatforms) = postSolution
		{1A3ABC4A-26C6-4663-86E9-5D33878EEC8A}.Debug|Any CPU.ActiveCfg = Debug|Any CPU
		{1A3ABC4A-26C6-4663-86E9-5D33878EEC8A}.Debug|Any CPU.Build.0 = Debug|Any CPU
		{1A3ABC4A-26C6-4663-86E9-5D33878EEC8A}.Release|Any CPU.ActiveCfg = Release|Any CPU
		{1A3ABC4A-26C6-4663-86E9-5D33878EEC8A}.Release|Any CPU.Build.0 = Release|Any CPU
	EndGlobalSection
	GlobalSection(SolutionProperties) = preSolution
		HideSolutionNode = FALSE
	EndGlobalSection
	GlobalSection(ExtensibilityGlobals) = postSolution
		SolutionGuid = {A15DB5DE-DF81-4EFA-A0A4-CF72AFCB1F5F}
	EndGlobalSection
EndGlobal
